
Microsoft Visual Studio Solution File, Format Version 12.00
# Visual Studio Version 17
VisualStudioVersion = 17.13.35931.197 d17.13
MinimumVisualStudioVersion = 10.0.40219.1
Project("{FAE04EC0-301F-11D3-BF4B-00C04F79EFBC}") = "SolidWorksSpecProcessor", "SolidWorksSpecProcessor.csproj", "{AC2ECB98-339E-4232-8314-202E46C311C9}"
EndProject
Global
	GlobalSection(SolutionConfigurationPlatforms) = preSolution
		Debug|Any CPU = Debug|Any CPU
		Release|Any CPU = Release|Any CPU
	EndGlobalSection
	GlobalSection(ProjectConfigurationPlatforms) = postSolution
		{AC2ECB98-339E-4232-8314-202E46C311C9}.Debug|Any CPU.ActiveCfg = Debug|Any CPU
		{AC2ECB98-339E-4232-8314-202E46C311C9}.Debug|Any CPU.Build.0 = Debug|Any CPU
		{AC2ECB98-339E-4232-8314-202E46C311C9}.Release|Any CPU.ActiveCfg = Release|Any CPU
		{AC2ECB98-339E-4232-8314-202E46C311C9}.Release|Any CPU.Build.0 = Release|Any CPU
	EndGlobalSection
	GlobalSection(SolutionProperties) = preSolution
		HideSolutionNode = FALSE
	EndGlobalSection
	GlobalSection(ExtensibilityGlobals) = postSolution
		SolutionGuid = {02C31D71-EE0A-4638-9336-DCF372D3C09E}
	EndGlobalSection
EndGlobal
